version = 1
revision = 1
requires-python = ">=3.12"

[[package]]
name = "helpers"
version = "0.1.0"
source = { directory = "../helpers" }

[[package]]
name = "package-b"
version = "0.1.0"
source = { virtual = "." }
dependencies = [
    { name = "helpers" },
]

[package.metadata]
requires-dist = [{ name = "helpers", directory = "../helpers" }]
